version = 1
revision = 3
requires-python = ">=3.12"

[[package]]
name = "anime-data-platform"
version = "0.1.0"
source = { virtual = "." }
dependencies = [
    { name = "duckdb" },
    { name = "polars" },
    { name = "requests" },
]

[package.dev-dependencies]
dev = [
    { name = "prek" },
    { name = "ruff" },
    { name = "ty" },
]

[package.metadata]
requires-dist = [
    { name = "duckdb" },
    { name = "polars" },
    { name = "requests" },
]

[package.metadata.requires-dev]
dev = [
    { name = "prek" },
    { name = "ruff" },
    { name = "ty" },
]

[[package]]
name = "certifi"
version = "2026.7.22"
source = { registry = "https://pypi.org/simple" }
sdist = { url = "https://files.pythonhosted.org/packages/a3/c2/24167ea9858356b47a87a50d39908bfdb72ceeefe0041586e704e5376b3a/certifi-2026.7.22.tar.gz", hash = "sha256:741e2c3b351ddf169a738da9f2c048608ff7f2c5cc02f1ebc6b118bb090d5d55", size = 138112, upload-time = "2026-07-22T03:35:12.644Z" }
wheels = [
    { url = "https://files.pythonhosted.org/packages/0b/a7/71ac2cff56fec219ed242bb11b8efb69fcc4bec75db06fb7bfe35de520e6/certifi-2026.7.22-py3-none-any.whl", hash = "sha256:62f22742b58a1a33014a2b6b706588a8d7e2a88ae7bd1a6ebe8c992928483775", size = 136983, upload-time = "2026-07-22T03:35:11.276Z" },
]

[[package]]
name = "charset-normalizer"
version = "3.4.9"
source = { registry = "https://pypi.org/simple" }
sdist = { url = "https://files.pythonhosted.org/packages/bd/2a/23f34ec9d04624958e137efdc394888716353190e75f25dd22c7a2c7a8aa/charset_normalizer-3.4.9.tar.gz", hash = "sha256:673611bbd43f0810bec0b0f028ddeaaa501190339cac411f347ac76917c3ae7b", size = 152439, upload-time = "2026-07-07T14:34:58.454Z" }
wheels = [
    { url = "https://files.pythonhosted.org/packages/70/4a/ecbd131485c07fcdfad54e28946d513e3da22ef3b4bd854dcafae54ec739/charset_normalizer-3.4.9-cp312-cp312-macosx_10_13_universal2.whl", hash = "sha256:45b0cc4e3556cd875e09102988d1ab8356c998b596c9fced84547c8138b487a0", size = 319300, upload-time = "2026-07-07T14:33:15.666Z" },
    { url = "https://files.pythonhosted.org/packages/ec/96/5d9364e3342d69f3a045e1777bc47c85c383e6e9466d561b33fdb419d1f9/charset_normalizer-3.4.9-cp312-cp312-manylinux2014_aarch64.manylinux_2_17_aarch64.manylinux_2_28_aarch64.whl", hash = "sha256:9b2aff1c7b3884512b9512c3eaadd9bab39fb45042ffaaa1dd08ff2b9f8109d9", size = 215802, upload-time = "2026-07-07T14:33:17.031Z" },
    { url = "https://files.pythonhosted.org/packages/4b/4c/5361f9aa7f2cb58d94f2ab831b3d493f69efb1d239654b4744e3c09527cb/charset_normalizer-3.4.9-cp312-cp312-manylinux2014_ppc64le.manylinux_2_17_ppc64le.manylinux_2_28_ppc64le.whl", hash = "sha256:9104ed0bd76a429d46f9ec0dbc9b08ad1d2dcdf2b00a5a0daa1c145329b35b44", size = 237171, upload-time = "2026-07-07T14:33:18.576Z" },
    { url = "https://files.pythonhosted.org/packages/50/78/ce342ca4ff30b2eb49fe6d9578df85974f90c67d294113e94efdd9664cbd/charset_normalizer-3.4.9-cp312-cp312-manylinux2014_s390x.manylinux_2_17_s390x.manylinux_2_28_s390x.whl", hash = "sha256:7b86a2b16095d250c6f58b3d9b2eee6f4147754344f3dab0922f7c9bf7d226c9", size = 233075, upload-time = "2026-07-07T14:33:20.084Z" },
    { url = "https://files.pythonhosted.org/packages/01/c4/4fa4c8b3097a11f3c5f09a35b72ed6855fb1d332469504962ab7bafcc702/charset_normalizer-3.4.9-cp312-cp312-manylinux2014_x86_64.manylinux_2_17_x86_64.manylinux_2_28_x86_64.whl", hash = "sha256:5e226f6218febc71f6c1fc2fafb91c226f75bdc1d8fb12d66823716e891608fd", size = 224256, upload-time = "2026-07-07T14:33:21.747Z" },
    { url = "https://files.pythonhosted.org/packages/87/3a/ad914516df7e358a81aae018caa5e0470ba827fa6d763b1d2e87d920a5f6/charset_normalizer-3.4.9-cp312-cp312-manylinux_2_31_armv7l.whl", hash = "sha256:90c44bc373b7687f6948b693cceaea1348ae0975d7474746559494468e3c1d84", size = 208784, upload-time = "2026-07-07T14:33:23.313Z" },
    { url = "https://files.pythonhosted.org/packages/d7/74/3c12f9755717dfe5c5c87da63f35d765fa0c00382ec26bf23f7fae34f2ba/charset_normalizer-3.4.9-cp312-cp312-manylinux_2_31_riscv64.manylinux_2_39_riscv64.whl", hash = "sha256:9cdef90ae47919cae358d8ab15797a800ed41da7aba5d72419fb510729e2ed4b", size = 219928, upload-time = "2026-07-07T14:33:24.814Z" },
    { url = "https://files.pythonhosted.org/packages/33/9a/895095b83e7907abd6d3d99aad3a38ad0d9686cc186cb0c94c24320fe63e/charset_normalizer-3.4.9-cp312-cp312-musllinux_1_2_aarch64.whl", hash = "sha256:60f44ade2cf573dad7a277e6f8ca9a51a21dda572b13bd7d8539bb3cd5dbedde", size = 218489, upload-time = "2026-07-07T14:33:26.42Z" },
    { url = "https://files.pythonhosted.org/packages/a1/34/ef5c05f412f42520d7709b7d3784d19640839eb7366ded1755511585429f/charset_normalizer-3.4.9-cp312-cp312-musllinux_1_2_armv7l.whl", hash = "sha256:a1786910334ed46ab1dd73222f2cd1e05c2c3bb39f6dddb4f8b36fc382058a39", size = 210267, upload-time = "2026-07-07T14:33:27.952Z" },
    { url = "https://files.pythonhosted.org/packages/83/dc/9b29fa4412b318bf3bfea985c35d67eb55e04b59a7c3f2237168b0e0be6f/charset_normalizer-3.4.9-cp312-cp312-musllinux_1_2_x86_64.whl", hash = "sha256:03d07803992c6c7bbc976327f34b18b6160327fc81cb82c9d504720ac0be3b62", size = 226030, upload-time = "2026-07-07T14:33:29.397Z" },
    { url = "https://files.pythonhosted.org/packages/0e/42/6dbc00b8cd16011691203e33570fa42ed5746599a2e878112d16eab403a3/charset_normalizer-3.4.9-cp312-cp312-win32.whl", hash = "sha256:78841cccf1af7b40f6f716338d50c0902dbe88d9f800b3c973b7a9a0a693a642", size = 151185, upload-time = "2026-07-07T14:33:30.781Z" },
    { url = "https://files.pythonhosted.org/packages/80/cc/f920afd1a23c58ccd53c1d36085a71893a4737ff5e66e0371efab6809850/charset_normalizer-3.4.9-cp312-cp312-win_amd64.whl", hash = "sha256:4b3dac63058cc36820b0dd072f89898604e2d39686fe05321729d00d8ac185a0", size = 162557, upload-time = "2026-07-07T14:33:32.176Z" },
    { url = "https://files.pythonhosted.org/packages/f0/e6/0386d43a261ff4e4b30c5857af7df877254b46bec7b9d1b74b6bf969a90b/charset_normalizer-3.4.9-cp312-cp312-win_arm64.whl", hash = "sha256:78fa18e436a1a0e58dbd7e02fc4473f3f32cceb12df9dfca542d075961c307d2", size = 152665, upload-time = "2026-07-07T14:33:33.711Z" },
    { url = "https://files.pythonhosted.org/packages/b2/06/97ec2aeae780b31d742b6352218b43841a6871e2564578ca522dce4a45c3/charset_normalizer-3.4.9-cp313-cp313-macosx_10_13_universal2.whl", hash = "sha256:440eede837960000d74978f0eba527be106b5b9aee0daf779d395276ed0b0614", size = 317688, upload-time = "2026-07-07T14:33:35.408Z" },
    { url = "https://files.pythonhosted.org/packages/d0/39/8ff066c672434225f8d25f8b739f992af250944392173dcc88362681c9bf/charset_normalizer-3.4.9-cp313-cp313-manylinux2014_aarch64.manylinux_2_17_aarch64.manylinux_2_28_aarch64.whl", hash = "sha256:21e764fd1e70b6a3e205a0e46f3051701f98a8cb3fad66eeb80e48bb502f8698", size = 214982, upload-time = "2026-07-07T14:33:36.996Z" },
    { url = "https://files.pythonhosted.org/packages/92/8f/3a47a3667c83c2df9483d91644c6c107de3bf8874aa1793da9d3012eb986/charset_normalizer-3.4.9-cp313-cp313-manylinux2014_ppc64le.manylinux_2_17_ppc64le.manylinux_2_28_ppc64le.whl", hash = "sha256:e4fd89cc178bced6ad29cb3e6dd4aa63fa5017c3524dbd0b25998fb64a87cc8b", size = 236460, upload-time = "2026-07-07T14:33:38.536Z" },
    { url = "https://files.pythonhosted.org/packages/f1/60/b22cdbee7e4013dab8b0d7647fc6181120fbbbc8f7025c226d15bd5a47fc/charset_normalizer-3.4.9-cp313-cp313-manylinux2014_s390x.manylinux_2_17_s390x.manylinux_2_28_s390x.whl", hash = "sha256:bd47ba7fc3ca94896759ea0109775132d3e7ab921fbf54038e1bab2e46c313c9", size = 232003, upload-time = "2026-07-07T14:33:40.059Z" },
    { url = "https://files.pythonhosted.org/packages/ea/f8/72eb13dcabe7257035cea8aefd922caad2f110d252bf9f67c4c2ca763aee/charset_normalizer-3.4.9-cp313-cp313-manylinux2014_x86_64.manylinux_2_17_x86_64.manylinux_2_28_x86_64.whl", hash = "sha256:84fd18bcc17526fc2b3c1af7d2b9217d32c9c04448c16ec693b9b4f1985c3d33", size = 223149, upload-time = "2026-07-07T14:33:41.631Z" },
    { url = "https://files.pythonhosted.org/packages/b0/3e/faee8f9de92b14ee1198e9163252bb15efee7301b31256a3b6d9ebfdd0dd/charset_normalizer-3.4.9-cp313-cp313-manylinux_2_31_armv7l.whl", hash = "sha256:5b10cd92fc5c498b35a8635df6d5a100207f88b63a4dc1de7ef9a548e1e2cd63", size = 207901, upload-time = "2026-07-07T14:33:43.209Z" },
    { url = "https://files.pythonhosted.org/packages/3a/25/45f30093ae27dd7b92a793b61882a38685f993700113ca36e0c9c14965e1/charset_normalizer-3.4.9-cp313-cp313-manylinux_2_31_riscv64.manylinux_2_39_riscv64.whl", hash = "sha256:a4fbdde9dd4a9ce5fd52c2b3a347bb50cc89483ef783f1cb00d408c13f7a96c0", size = 219176, upload-time = "2026-07-07T14:33:44.725Z" },
    { url = "https://files.pythonhosted.org/packages/48/18/c8f397329c35e32f6a837e488986f4ae03bd2abebc453b48714991630c2f/charset_normalizer-3.4.9-cp313-cp313-musllinux_1_2_aarch64.whl", hash = "sha256:416c229f77e5ea25b3dfd4b582f8d73d7e43c22320302b9ab128a2d3a0b38efe", size = 217356, upload-time = "2026-07-07T14:33:46.192Z" },
    { url = "https://files.pythonhosted.org/packages/86/7e/5ce0bba863470fd1902d5e5843968951bddf38abe4742fc97116ef4598b3/charset_normalizer-3.4.9-cp313-cp313-musllinux_1_2_armv7l.whl", hash = "sha256:75286256590a6320cf106a0d28970d3560aad9ee09aa7b34fb40524792436d35", size = 209614, upload-time = "2026-07-07T14:33:47.705Z" },
    { url = "https://files.pythonhosted.org/packages/6c/ef/2473d3c4d869155be4af1191111d59c4d5c4e0173026f7e85b176e23bf65/charset_normalizer-3.4.9-cp313-cp313-musllinux_1_2_x86_64.whl", hash = "sha256:69b157c5d3292bcd443faca052f3096f637f1e074b98212a933c074ae23dc3b8", size = 224991, upload-time = "2026-07-07T14:33:49.238Z" },
    { url = "https://files.pythonhosted.org/packages/d0/a3/53ddae3db108a088156aa8ddfafd411ebbc1340f48c5573f697b27f69a39/charset_normalizer-3.4.9-cp313-cp313-win32.whl", hash = "sha256:51307f5c71007673a2bf8232ad973483d281e74cb99c8c5a990af1eefa6277d9", size = 150622, upload-time = "2026-07-07T14:33:50.711Z" },
    { url = "https://files.pythonhosted.org/packages/e8/ef/6953a77c7cf2c2ff9998e6f575ab3e380119f100223381565a4f94c1f836/charset_normalizer-3.4.9-cp313-cp313-win_amd64.whl", hash = "sha256:fe2c7201c642b7c308f1675355ad7ff7b66acfe3541625efe5a3ad38f29d6115", size = 161947, upload-time = "2026-07-07T14:33:52.197Z" },
    { url = "https://files.pythonhosted.org/packages/6e/fb/d560d1d1555debbfe7849d9cac6145c1b537709d79576bf22557ed803b82/charset_normalizer-3.4.9-cp313-cp313-win_arm64.whl", hash = "sha256:611057cc5d5c0afc743ba8be6bd828c17e0aaa8643f9d0a9b9bb7dea80eb8012", size = 152594, upload-time = "2026-07-07T14:33:53.486Z" },
    { url = "https://files.pythonhosted.org/packages/7e/8d/496817fa0944239ecae662dd57ea765cfeaec6a735f9f025d4b7b72e7143/charset_normalizer-3.4.9-cp314-cp314-macosx_10_15_universal2.whl", hash = "sha256:0327fcd59a935777d83410750c50600ee9571af2846f71ce40f25b13da1ef380", size = 317253, upload-time = "2026-07-07T14:33:54.994Z" },
    { url = "https://files.pythonhosted.org/packages/2b/f9/ef4a69ea338ad3c0deceea0f5f7d2380ae8b52132b06d652cb0d2cd86706/charset_normalizer-3.4.9-cp314-cp314-manylinux2014_aarch64.manylinux_2_17_aarch64.manylinux_2_28_aarch64.whl", hash = "sha256:8a79d9f4d8001473a30c163556b3c3bfebec837495a412dde78b51672f6134f9", size = 215898, upload-time = "2026-07-07T14:33:56.334Z" },
    { url = "https://files.pythonhosted.org/packages/8c/e7/5ddfd76fc061eb52de219658a4aa431cbacadf0a0219c8854f00da50d289/charset_normalizer-3.4.9-cp314-cp314-manylinux2014_ppc64le.manylinux_2_17_ppc64le.manylinux_2_28_ppc64le.whl", hash = "sha256:33bdcc2a32c0a0e861f60841a512c8acc658c87c2ac59d89e3a46dacf7d866e4", size = 236718, upload-time = "2026-07-07T14:33:57.9Z" },
    { url = "https://files.pythonhosted.org/packages/49/ba/768fa3f36048d81c477a0ce61f813bc1454d80917ccfe550abd9f44f5e24/charset_normalizer-3.4.9-cp314-cp314-manylinux2014_s390x.manylinux_2_17_s390x.manylinux_2_28_s390x.whl", hash = "sha256:f840ed6d8ecba8255df8c42b87fadeda98ddfc6eeec05e2dc66e26d46dd6f58a", size = 232519, upload-time = "2026-07-07T14:33:59.811Z" },
    { url = "https://files.pythonhosted.org/packages/f4/c4/b3e049d2aa3766180c78507110543d9d50894cc97f57de543f1be521dcdc/charset_normalizer-3.4.9-cp314-cp314-manylinux2014_x86_64.manylinux_2_17_x86_64.manylinux_2_28_x86_64.whl", hash = "sha256:c25fe15c70c59eb7c5ce8c06a1f3fa1da0ecc5ea1e7a5922c40fd2fa9b0d5046", size = 223143, upload-time = "2026-07-07T14:34:01.517Z" },
    { url = "https://files.pythonhosted.org/packages/19/79/55c32d06d76ae4feafe053f061f3e3ab70bcf19f4007797ce8c3efda7830/charset_normalizer-3.4.9-cp314-cp314-manylinux_2_31_armv7l.whl", hash = "sha256:f7fb7d750cfa0a070d2c24e831fd3481019a60dd317ea2b39acbcebc08b6ed81", size = 206742, upload-time = "2026-07-07T14:34:03.04Z" },
    { url = "https://files.pythonhosted.org/packages/10/e0/47c079dd82d217c807479cd59ffd30af56307ea31c108b75758970459ad3/charset_normalizer-3.4.9-cp314-cp314-manylinux_2_31_riscv64.manylinux_2_39_riscv64.whl", hash = "sha256:4d1c96a7a18b9690a4d46df09e3e3382406ae3213727cd1019ebade1c4a81917", size = 219191, upload-time = "2026-07-07T14:34:04.657Z" },
    { url = "https://files.pythonhosted.org/packages/42/ab/b9bc2e77d6b44a7e46ef62ec5cac1c9a6ba7b9135a5d560f002696ec9995/charset_normalizer-3.4.9-cp314-cp314-musllinux_1_2_aarch64.whl", hash = "sha256:a4cfde78a9f2880208d16a93b795726a3017d5977e08d1e162a7a31322479c41", size = 218328, upload-time = "2026-07-07T14:34:06.115Z" },
    { url = "https://files.pythonhosted.org/packages/f1/78/c9c71d599f5aa2d42bcdd35cbbd46d7f535351a57e40ff7d8e5a7e219401/charset_normalizer-3.4.9-cp314-cp314-musllinux_1_2_armv7l.whl", hash = "sha256:d4d6fcde76f94f5cb9e43e9e9a61f16dacefd228cbbf6f1a09bd9b219a92f1a1", size = 207406, upload-time = "2026-07-07T14:34:07.554Z" },
    { url = "https://files.pythonhosted.org/packages/f6/39/c914445c321a845097ce4f6ac7de9a18228a77b766272125a1ce00d851eb/charset_normalizer-3.4.9-cp314-cp314-musllinux_1_2_x86_64.whl", hash = "sha256:898f0e9068ca27d37f8e83a5b962821df851532e6c4a7d615c1c033f9da6eedf", size = 225157, upload-time = "2026-07-07T14:34:09.061Z" },
    { url = "https://files.pythonhosted.org/packages/9b/f2/c0d4b8508565a36bc5c624e88ed297f5b0b1095011034d7f5b83a69908b5/charset_normalizer-3.4.9-cp314-cp314-win32.whl", hash = "sha256:c1c948747b03be832dceed96ca815cef7360de9aa19d37c730f8e3f6101aca48", size = 151095, upload-time = "2026-07-07T14:34:10.901Z" },
    { url = "https://files.pythonhosted.org/packages/49/fd/a1d26144398c67486422a72bf5812cda22cb4ccfcd95a290fb41ceb4b8e2/charset_normalizer-3.4.9-cp314-cp314-win_amd64.whl", hash = "sha256:16b65ea0f2465b6fb52aa22de5eca612aa964ddfec00a912e26f4656cbef890b", size = 162796, upload-time = "2026-07-07T14:34:12.47Z" },
    { url = "https://files.pythonhosted.org/packages/20/95/d75e82f8ce9fd323ebf059c16c9aadefb22a1ecde13b7840b35835e4886c/charset_normalizer-3.4.9-cp314-cp314-win_arm64.whl", hash = "sha256:40a126142a56b2dfc0aacbad1de8310cbf60da7656db0e6b16eebd48e3e93519", size = 153334, upload-time = "2026-07-07T14:34:14.044Z" },
    { url = "https://files.pythonhosted.org/packages/00/5e/17398df3a139985ba9d11ed072531986f408c8fca952835ef1ab1820c02b/charset_normalizer-3.4.9-cp314-cp314t-macosx_10_15_universal2.whl", hash = "sha256:609b3ba8fcc0fb5ab7af00719d0fb6ad0cb518e48e7712d12fd68f1327951198", size = 338848, upload-time = "2026-07-07T14:34:15.688Z" },
    { url = "https://files.pythonhosted.org/packages/cd/91/7253a32e86b7e1d1239b1b36ba6dd0f021a21107ab33054b53119cc083b9/charset_normalizer-3.4.9-cp314-cp314t-manylinux2014_aarch64.manylinux_2_17_aarch64.manylinux_2_28_aarch64.whl", hash = "sha256:51447e9aa2684679af07ca5021c3db526e0284347ebf4ffcec1154c3350cfe32", size = 223022, upload-time = "2026-07-07T14:34:17.248Z" },
    { url = "https://files.pythonhosted.org/packages/cb/32/2e64bd2be10e89c61e57ebe6a93fd98ae88eb7ebe414b5121f22c96c69eb/charset_normalizer-3.4.9-cp314-cp314t-manylinux2014_ppc64le.manylinux_2_17_ppc64le.manylinux_2_28_ppc64le.whl", hash = "sha256:cc1b0fff8ead343dae06305f954eb8468ba0ec1a97881f42489d198e4ce3c632", size = 241590, upload-time = "2026-07-07T14:34:18.813Z" },
    { url = "https://files.pythonhosted.org/packages/3d/ef/d96ec496cfea0c21db43b0ad03891308b02388d054cc902cf0e5a1ad6a88/charset_normalizer-3.4.9-cp314-cp314t-manylinux2014_s390x.manylinux_2_17_s390x.manylinux_2_28_s390x.whl", hash = "sha256:fa36ec09ef71d158186bc79e359ff5fdd6e7996fe8ab638f00d6b93139ba4fcf", size = 239584, upload-time = "2026-07-07T14:34:20.52Z" },
    { url = "https://files.pythonhosted.org/packages/d4/ce/9af95f7876194bd7a14e3dfe4a4de2e0bff02666a3910d72beafd06cc297/charset_normalizer-3.4.9-cp314-cp314t-manylinux2014_x86_64.manylinux_2_17_x86_64.manylinux_2_28_x86_64.whl", hash = "sha256:df115d4d83168fdf2cae48ef1ff6d1cb4c466364e30861b37121de0f3bf1b990", size = 230224, upload-time = "2026-07-07T14:34:22.189Z" },
    { url = "https://files.pythonhosted.org/packages/52/94/af74dde74a3996bd959c350709bfe50e297823d70a8c1cbd54b838880863/charset_normalizer-3.4.9-cp314-cp314t-manylinux_2_31_armv7l.whl", hash = "sha256:f86c6358749bd4fda175388691e3ba8c46e24c5347d0afd20f9b7edfc9faf07d", size = 212667, upload-time = "2026-07-07T14:34:23.857Z" },
    { url = "https://files.pythonhosted.org/packages/ee/f0/f1c4fe746c395922961b5916ed1d7d6e7d4c84851d19ed43cc89980ec953/charset_normalizer-3.4.9-cp314-cp314t-manylinux_2_31_riscv64.manylinux_2_39_riscv64.whl", hash = "sha256:32286a2c8d167e897177b673176c1e3e00d4057caf5d2b64eef9a3666b03018e", size = 227179, upload-time = "2026-07-07T14:34:25.586Z" },
    { url = "https://files.pythonhosted.org/packages/e4/56/6c745619ac397e8871e2bcd3cea1eec86b877488f33888b3aef5c3ed506e/charset_normalizer-3.4.9-cp314-cp314t-musllinux_1_2_aarch64.whl", hash = "sha256:83aed2c10721ddd90f68140685391b50811a880af20654c59af6b6c66c40513c", size = 225372, upload-time = "2026-07-07T14:34:27.212Z" },
    { url = "https://files.pythonhosted.org/packages/78/ad/98aae8630ac71f16711968e38a5acfecce41b778bf2f0312851020f565a8/charset_normalizer-3.4.9-cp314-cp314t-musllinux_1_2_armv7l.whl", hash = "sha256:cd6c3d4b783c556fa00bf540854e42f135e2f256abd29669fcd0da0f2dec79c2", size = 215222, upload-time = "2026-07-07T14:34:28.774Z" },
    { url = "https://files.pythonhosted.org/packages/f7/40/9593d54209765207a7f11073c06494c1721e4ca4a0a426c597679bf7f91e/charset_normalizer-3.4.9-cp314-cp314t-musllinux_1_2_x86_64.whl", hash = "sha256:ee2f2a527e3c1a6e6411eb4209642e138b544a2d72fe5d0d76daf77b24063534", size = 231958, upload-time = "2026-07-07T14:34:30.345Z" },
    { url = "https://files.pythonhosted.org/packages/b1/27/693ee5e8a18191eb38647360c51cd505013e2bd3b366aa43fd5344c21e3c/charset_normalizer-3.4.9-cp314-cp314t-win32.whl", hash = "sha256:0d861473f743244d349b50f850d10eb87aeb22bbdcc8e64f79273c94af5a8226", size = 155580, upload-time = "2026-07-07T14:34:31.884Z" },
    { url = "https://files.pythonhosted.org/packages/80/3f/bd97d3d9c613013d07cb7733d299385b41df37f0471310f5a73dc359f0b8/charset_normalizer-3.4.9-cp314-cp314t-win_amd64.whl", hash = "sha256:9b8e0f3107e2200b76f6054de99016eac3ee6762713587b36baaa7e4bd2ae177", size = 167620, upload-time = "2026-07-07T14:34:33.438Z" },
    { url = "https://files.pythonhosted.org/packages/3d/c6/eee9dca4439b1061f76373f06ea855678cc4a64c1c3c90b50e479edbb8eb/charset_normalizer-3.4.9-cp314-cp314t-win_arm64.whl", hash = "sha256:19ac87f93086ce37b86e098888555c4b4bc48102279bae3350098c0ed664b501", size = 158037, upload-time = "2026-07-07T14:34:35.018Z" },
    { url = "https://files.pythonhosted.org/packages/98/2b/f97f1c193fb855c345d678f5077d6926034db0722df74c8f057020e05a25/charset_normalizer-3.4.9-py3-none-any.whl", hash = "sha256:68e5f26a1ad57ded6d1cfb85331d1c1a195314756471d97758c48498bb4dcdf5", size = 64538, upload-time = "2026-07-07T14:34:56.993Z" },
]

[[package]]
name = "duckdb"
version = "1.5.5"
source = { registry = "https://pypi.org/simple" }
sdist = { url = "https://files.pythonhosted.org/packages/7d/19/e57151753576373c6696a12022648546cca6038e8833fda2908ee2342d9b/duckdb-1.5.5.tar.gz", hash = "sha256:72f33ee57ca7595b23957671a2cc7f7fe2be0ecc2d68f63abedcfcaa3a5c1238", size = 18066741, upload-time = "2026-07-22T10:55:17.819Z" }
wheels = [
    { url = "https://files.pythonhosted.org/packages/d6/40/2e05d324400fdaa5656c9f48d6298da421cb034d85e509fa0e6e325cf04b/duckdb-1.5.5-cp312-cp312-macosx_10_13_universal2.whl", hash = "sha256:d4dd65f8941a604b947e0b9b4b4f7165988e29a23ec0b69b4038520956d9933e", size = 32753858, upload-time = "2026-07-22T10:54:05.514Z" },
    { url = "https://files.pythonhosted.org/packages/79/15/5ceb58ffb5bb8a62b3fd7abb39c41467cdf94850ece02e6d88664dfc75ce/duckdb-1.5.5-cp312-cp312-macosx_10_13_x86_64.whl", hash = "sha256:33db46679b071f108d57139493dee2d37e1f5efcf5c5c039c2969eed11a6c8a7", size = 17368293, upload-time = "2026-07-22T10:54:09.139Z" },
    { url = "https://files.pythonhosted.org/packages/bf/5c/bf02da0b354fe83cca4f95a4fbf762181af466f7d551ab2a093f7698882a/duckdb-1.5.5-cp312-cp312-macosx_11_0_arm64.whl", hash = "sha256:f0b88535a5d86fdd63dba6ea02ab68c003dfb9e4892b11256ef24c4da208baae", size = 15509131, upload-time = "2026-07-22T10:54:12.228Z" },
    { url = "https://files.pythonhosted.org/packages/ea/a9/5f1f09da421d8e930e0b063d11c1b3f90363f40ede74438cd188afdd13a2/duckdb-1.5.5-cp312-cp312-manylinux_2_26_aarch64.manylinux_2_28_aarch64.whl", hash = "sha256:f316eae2323d9a851883fdf2dee91c1f9efe251ab33e14a2272f82a913422ed6", size = 19391959, upload-time = "2026-07-22T10:54:15.551Z" },
    { url = "https://files.pythonhosted.org/packages/4f/98/6549769f158126fa64fd6c1ac2eb59a18282146c939867a3eb31b7c1db07/duckdb-1.5.5-cp312-cp312-manylinux_2_26_x86_64.manylinux_2_28_x86_64.whl", hash = "sha256:7a6d2d11859d82a936ebdcb30ce3d8a1cbb3e990bff05c12abb9b54c44fa7bd1", size = 21510909, upload-time = "2026-07-22T10:54:19.681Z" },
    { url = "https://files.pythonhosted.org/packages/af/b7/5753b41d3124838f868f9f523362812d9fc45409e9e4dd70dcbb0a25826e/duckdb-1.5.5-cp312-cp312-win_amd64.whl", hash = "sha256:ddfbdb096c11d51ee22492397d342c90a82e62c5d09961477895934d0a25372f", size = 13168544, upload-time = "2026-07-22T10:54:22.789Z" },
    { url = "https://files.pythonhosted.org/packages/5c/28/44b679c7d46245f8398feae7edac959d1b83d4eb143e25b3fce0630b78bd/duckdb-1.5.5-cp312-cp312-win_arm64.whl", hash = "sha256:2725d2b9ace3a4e75d72fc5a239f6a44b502c580edadb8fb2676db772c5f9282", size = 13988684, upload-time = "2026-07-22T10:54:26.003Z" },
    { url = "https://files.pythonhosted.org/packages/47/37/4a38116e7700720fd152c666292214fd3abdf916496991296d8d1f66efbf/duckdb-1.5.5-cp313-cp313-macosx_10_13_universal2.whl", hash = "sha256:cd98829b67788609017e65c761bd42a5dd0f9129441bed8bda4d6881ccf819f0", size = 32754294, upload-time = "2026-07-22T10:54:29.822Z" },
    { url = "https://files.pythonhosted.org/packages/66/42/7d392f1ba1eee0eaf4ab4c8c7a604bfe3536cd63f979cf5c98798664f807/duckdb-1.5.5-cp313-cp313-macosx_10_13_x86_64.whl", hash = "sha256:feead93c56679b79592d437c62975d39cb67adedffa7592c763baf8160ac7366", size = 17368211, upload-time = "2026-07-22T10:54:33.359Z" },
    { url = "https://files.pythonhosted.org/packages/9f/a5/0a6f4fa60562faa615e55e15bd1953a2f2b17a8edd8105e5cda215e43457/duckdb-1.5.5-cp313-cp313-macosx_11_0_arm64.whl", hash = "sha256:49c963d9469373d7aba8d750d9ea565ab823e94166efed953f184dd9b169b98c", size = 15509136, upload-time = "2026-07-22T10:54:36.369Z" },
    { url = "https://files.pythonhosted.org/packages/e4/cb/023c89f51978545b9fab318581bba0c457a58e7530d2d933e54ae7d8647c/duckdb-1.5.5-cp313-cp313-manylinux_2_26_aarch64.manylinux_2_28_aarch64.whl", hash = "sha256:a736217825461732b5442d05a220f3da2e23a0dae114efbf08c9bf171b53098a", size = 19392147, upload-time = "2026-07-22T10:54:39.551Z" },
    { url = "https://files.pythonhosted.org/packages/3e/c5/41bef391fb8b23dbc133c9f2ba016e7a7a8124513d2cc1b430f1897d87e4/duckdb-1.5.5-cp313-cp313-manylinux_2_26_x86_64.manylinux_2_28_x86_64.whl", hash = "sha256:078e6a60dd8eedde5832f45422ca5c4a6b8c837aeabd8a56ca0b7d933f588053", size = 21511060, upload-time = "2026-07-22T10:54:42.788Z" },
    { url = "https://files.pythonhosted.org/packages/07/9f/c44dfc1f924ac29b3252dc1b91393c01d009dbfe9f8ed33f10b986151bd1/duckdb-1.5.5-cp313-cp313-win_amd64.whl", hash = "sha256:6826504277dba513c0c5d71d828456c94d729c9d2482f94b2e289f90a9167e28", size = 13168028, upload-time = "2026-07-22T10:54:46.127Z" },
    { url = "https://files.pythonhosted.org/packages/ca/88/591384b2cd59abddd6f5dc175e60374f9abae6064429f0c4402854c10f44/duckdb-1.5.5-cp313-cp313-win_arm64.whl", hash = "sha256:baa9c5702002fabb559ded2a39008f9f421fcbc7237d388b8213eff1e08858de", size = 13989955, upload-time = "2026-07-22T10:54:49.262Z" },
    { url = "https://files.pythonhosted.org/packages/3e/56/12c65bfa2d2605b81981b264788891bcf11ec72227889554cead5d8d13b9/duckdb-1.5.5-cp314-cp314-macosx_10_15_universal2.whl", hash = "sha256:8e6413dd40facb7b8ab21bd844450cd8f549b29e138635be9cf090ef4d2049e2", size = 32761946, upload-time = "2026-07-22T10:54:53.412Z" },
    { url = "https://files.pythonhosted.org/packages/b9/46/682ce155f17e0d2822d4f13ee3db9ca4b5b7c2da61b841b2629035e1f4bc/duckdb-1.5.5-cp314-cp314-macosx_10_15_x86_64.whl", hash = "sha256:64078acfd16541132ac6e191eb81b2845554444a0305cc1aa581ba107e514aa8", size = 17375069, upload-time = "2026-07-22T10:54:57.269Z" },
    { url = "https://files.pythonhosted.org/packages/39/ce/a24bcbd3289c8f305a430759c5fc12242740b4af3e17f7593f3a34e333d2/duckdb-1.5.5-cp314-cp314-macosx_11_0_arm64.whl", hash = "sha256:8c11775cc99a447618d5f1840126db17f2652f3eae05529df4f81f40e2df7151", size = 15519791, upload-time = "2026-07-22T10:55:00.681Z" },
    { url = "https://files.pythonhosted.org/packages/d9/76/3a01afbc615c1d418c0de58a6b68ac5ce2a8563232c0464bfbc2ce552398/duckdb-1.5.5-cp314-cp314-manylinux_2_26_aarch64.manylinux_2_28_aarch64.whl", hash = "sha256:77bbc1e6ba12e1e06f9020117bdf848627ecfdf36f907550e62e008e6109dece", size = 19398251, upload-time = "2026-07-22T10:55:04.168Z" },
    { url = "https://files.pythonhosted.org/packages/a1/43/3a5e81d1728f4d234c79bfe385808ee7c04834f7c37a4b5c257459c25614/duckdb-1.5.5-cp314-cp314-manylinux_2_26_x86_64.manylinux_2_28_x86_64.whl", hash = "sha256:fbf0f2d48b43c6c304d00463b463c27ead6c4b01c3c1816b750f728decf71afe", size = 21513851, upload-time = "2026-07-22T10:55:07.864Z" },
    { url = "https://files.pythonhosted.org/packages/91/41/fc7c829172c60ca22485251eab285f4f1a0d87b486a024c726f21471d86e/duckdb-1.5.5-cp314-cp314-win_amd64.whl", hash = "sha256:9dc826c4b50e64f6c4e4d07a3a9cb075ef70ba3899dc43ec5493dc3d7b04b353", size = 13691858, upload-time = "2026-07-22T10:55:11.181Z" },
    { url = "https://files.pythonhosted.org/packages/e1/2c/95d9216b79e9273689d7ebce125a54503ed0c9bd7da931f0265888e99779/duckdb-1.5.5-cp314-cp314-win_arm64.whl", hash = "sha256:63e48d4b74b15aeacd688976432a7225163df8c226eddeb8536bba2d4d4ff433", size = 14470180, upload-time = "2026-07-22T10:55:14.445Z" },
]

[[package]]
name = "idna"
version = "3.18"
source = { registry = "https://pypi.org/simple" }
sdist = { url = "https://files.pythonhosted.org/packages/cd/63/9496c57188a2ee585e0f1db071d75089a11e98aa86eb99d9d7618fc1edce/idna-3.18.tar.gz", hash = "sha256:ffb385a7e039654cef1ab9ef32c6fafe283c0c0467bba1d9029738ce4a14a848", size = 196711, upload-time = "2026-06-02T14:34:07.794Z" }
wheels = [
    { url = "https://files.pythonhosted.org/packages/1e/5e/d4e9f1a599fb8e573b7b87160658329fbf28d19eac2718f51fc3def3aa5a/idna-3.18-py3-none-any.whl", hash = "sha256:7f952cbe720b688055e3f87de14f5c3e5fdaa8bc3928985c4077ca689de849a2", size = 65455, upload-time = "2026-06-02T14:34:06.319Z" },
]

[[package]]
name = "polars"
version = "1.43.2"
source = { registry = "https://pypi.org/simple" }
dependencies = [
    { name = "polars-runtime-32" },
]
sdist = { url = "https://files.pythonhosted.org/packages/89/13/3873f213304bcbaaf39e63c8b905ceb460a0524448d57f86a829f6d4d0fd/polars-1.43.2.tar.gz", hash = "sha256:c699671b99eb71ff53334d237917aaa3db5ad4dda480abcb6c80e0eaee7b677b", size = 750312, upload-time = "2026-08-01T06:28:30.872Z" }
wheels = [
    { url = "https://files.pythonhosted.org/packages/2b/fe/0888040a24e4504098b85d8ad486b14cb01cf6b030bbe479dfc2dcffc2ac/polars-1.43.2-py3-none-any.whl", hash = "sha256:22aa0cb92a1ee2d60d6a15a638b2e8e0dd99aea21ac0cd8fb29da8e382e075a9", size = 847150, upload-time = "2026-08-01T06:27:15.543Z" },
]

[[package]]
name = "polars-runtime-32"
version = "1.43.2"
source = { registry = "https://pypi.org/simple" }
sdist = { url = "https://files.pythonhosted.org/packages/d4/06/11b578eeef05f867e3ee31b2a2fdd8e7684c2aa47822c49935d1be789c38/polars_runtime_32-1.43.2.tar.gz", hash = "sha256:d7b7c486bccee75a6af0158b87077da3d054657e3c60036b28644f4e1c7fdbf7", size = 3095669, upload-time = "2026-08-01T06:28:32.315Z" }
wheels = [
    { url = "https://files.pythonhosted.org/packages/59/fc/12e6d4ca34d820297651134cfa35f86c33e898539fc6629cbb35d0089697/polars_runtime_32-1.43.2-cp310-abi3-macosx_10_12_x86_64.whl", hash = "sha256:91abf205d4ec93f92ba95386b7f8776559ae3dfce425ed2e527efa75d117d04a", size = 53088908, upload-time = "2026-08-01T06:27:18.268Z" },
    { url = "https://files.pythonhosted.org/packages/32/81/833b0853551deb810854f96b43dea342b6e6c9b0ea1afcccf774157d519d/polars_runtime_32-1.43.2-cp310-abi3-macosx_11_0_arm64.whl", hash = "sha256:2cc3ff96fd44789b02eb5c15b98dfcb000101636b177d3034fae2feec19b118f", size = 47540529, upload-time = "2026-08-01T06:27:21.391Z" },
    { url = "https://files.pythonhosted.org/packages/83/55/7b2a75af14c9294d97f3bec132dd3018ddcd988bef32b5d28322150b8c11/polars_runtime_32-1.43.2-cp310-abi3-manylinux_2_17_aarch64.manylinux2014_aarch64.whl", hash = "sha256:10ed36e615ab362feb7406e6d084e124b445ad284caa73bd93ae7e65745ed894", size = 51366340, upload-time = "2026-08-01T06:27:24.776Z" },
    { url = "https://files.pythonhosted.org/packages/62/60/64deacb3abc70c52e2d88a808a052d1621c86a48fe9194f2c065579ab1cd/polars_runtime_32-1.43.2-cp310-abi3-manylinux_2_17_x86_64.manylinux2014_x86_64.whl", hash = "sha256:6d5a7ae004a2723ebf4427f6d6a639f30f86af4cf077075f6b35d04711154fc3", size = 57304599, upload-time = "2026-08-01T06:27:27.875Z" },
    { url = "https://files.pythonhosted.org/packages/52/95/d6e3a236d7630e17c40d0ddee839bf2be9acf548fdc0e5ad65ed9ff0cac6/polars_runtime_32-1.43.2-cp310-abi3-musllinux_1_2_aarch64.whl", hash = "sha256:09339eacc6d392206e78aabbaaa37d7276eb969b798f46cb1f367fd718798c60", size = 51520580, upload-time = "2026-08-01T06:27:30.913Z" },
    { url = "https://files.pythonhosted.org/packages/b6/5a/2deb8eac70e9a2ac26d88a66ae7cf52612865026f4f4a5e7ab11ad9d52bf/polars_runtime_32-1.43.2-cp310-abi3-musllinux_1_2_x86_64.whl", hash = "sha256:452b400e59e7f56e4c6437f435e796903272a9388feee12de2bea049ae87025e", size = 55204471, upload-time = "2026-08-01T06:27:33.886Z" },
    { url = "https://files.pythonhosted.org/packages/29/9e/647401ae8a607bc0cc40ed7b8592d5b1be90ded0dc9b9d6d3aeb03f9524b/polars_runtime_32-1.43.2-cp310-abi3-win_amd64.whl", hash = "sha256:00e33c28e321410c8d66e814a90043101e3bdd9ed2c6dabda07565aa8adbbdf1", size = 52572176, upload-time = "2026-08-01T06:27:37.048Z" },
    { url = "https://files.pythonhosted.org/packages/96/8d/60a50c3f36c85218a7ffcb48c6fe2ce1f7bec799152d68b8658ebed2179c/polars_runtime_32-1.43.2-cp310-abi3-win_arm64.whl", hash = "sha256:350a4868cae85bf8b3f81b33ba47927c15256bd9264dfc8c0753f1b927eac9d3", size = 46582513, upload-time = "2026-08-01T06:27:40.025Z" },
]

[[package]]
name = "prek"
version = "0.4.13"
source = { registry = "https://pypi.org/simple" }
sdist = { url = "https://files.pythonhosted.org/packages/d4/79/19f47eeb4d6092d36f94f47a056e7ae7a421d60220c772e8513483521b63/prek-0.4.13.tar.gz", hash = "sha256:9bf3dce400ef38a281836e4fe6429aa5f1690848be77cd97cb53c93769db4681", size = 533200, upload-time = "2026-08-10T08:54:15.477Z" }
wheels = [
    { url = "https://files.pythonhosted.org/packages/c8/12/661dc1c63c322000580dffa8503d28d633cb5d4c3181e662cbb86eded12e/prek-0.4.13-py3-none-linux_armv6l.whl", hash = "sha256:6a313f5f041b2fcbd33bceb6b6e11ee9b8621c8c6ad8ef13787a6d90541b624d", size = 5801508, upload-time = "2026-08-10T08:53:52.18Z" },
    { url = "https://files.pythonhosted.org/packages/86/4a/c50597a45d08b22e5704a5d4d5c03269a581b46cf1f060861f9ba96cdade/prek-0.4.13-py3-none-macosx_10_12_x86_64.whl", hash = "sha256:40436cd7247d2a2fc036ef07d7efcd828acf1aab9d648a8a3f21475e3ad3f789", size = 6141612, upload-time = "2026-08-10T08:53:53.86Z" },
    { url = "https://files.pythonhosted.org/packages/82/93/abc084bbd76bb6c34efbf7db441392f17b7bfc50a54c4d53d3e37c7ad6e0/prek-0.4.13-py3-none-macosx_11_0_arm64.whl", hash = "sha256:019a33b477b7b949fb6dcd6cb33ed494c4a28117e53c370c637ec0aba60211aa", size = 5625418, upload-time = "2026-08-10T08:53:55.39Z" },
    { url = "https://files.pythonhosted.org/packages/ec/4d/a310ff9adcb4b822d935eb55f0f5cdcfe4c18a16610bc5e220a11215dc38/prek-0.4.13-py3-none-manylinux_2_17_aarch64.manylinux2014_aarch64.musllinux_1_1_aarch64.whl", hash = "sha256:5a2851b6e60912e73be1bf2cf61fab5b314add15ba7bcf230f860282bdbaf16b", size = 5942132, upload-time = "2026-08-10T08:53:56.789Z" },
    { url = "https://files.pythonhosted.org/packages/f9/d8/811230ff285000abdc0fb98b56b9ef2d23b2dc530cf2da86fe1665f844ba/prek-0.4.13-py3-none-manylinux_2_17_armv7l.manylinux2014_armv7l.whl", hash = "sha256:9ba9b94bd3f47b5f94a4ae504c44f9529cb3258ebaf577a5a6070ea0c6a853d6", size = 5710181, upload-time = "2026-08-10T08:53:58.278Z" },
    { url = "https://files.pythonhosted.org/packages/74/84/01f7163cc4267daba6b01cfac726327c6d848d2bb7349bd2fd877d88f744/prek-0.4.13-py3-none-manylinux_2_17_i686.manylinux2014_i686.whl", hash = "sha256:33fc9e0d435cb9e650ec108f840febe7a94fd266c77149860091cead212dc82d", size = 6157705, upload-time = "2026-08-10T08:53:59.586Z" },
    { url = "https://files.pythonhosted.org/packages/30/e3/061a0e9ebd7064edf70bb783afa575d045ac0cc9035c2143b76401ebcaf5/prek-0.4.13-py3-none-manylinux_2_17_s390x.manylinux2014_s390x.whl", hash = "sha256:91066d8978eab83c111e7c34ee3046a003819d2df15ef7dc2bddeb83dce62bc0", size = 6898016, upload-time = "2026-08-10T08:54:00.927Z" },
    { url = "https://files.pythonhosted.org/packages/cd/68/5e8e2b9ff6a30b46bf35ca3b50e4d164c26406d9e7457d5b4633c6e1fbc0/prek-0.4.13-py3-none-manylinux_2_17_x86_64.manylinux2014_x86_64.whl", hash = "sha256:85646fcc940f30bd946d63b6bbd1000d946994c88e154c5bdde7773a2c358dcf", size = 6365056, upload-time = "2026-08-10T08:54:02.704Z" },
    { url = "https://files.pythonhosted.org/packages/f9/23/afe543b69fb7f35016645eb4b766191e814cbcfa5545d695a2a7dd9b712e/prek-0.4.13-py3-none-manylinux_2_28_aarch64.whl", hash = "sha256:961859c3ddddb8e10367afcf93742da36fa213eda080f168fc1dcbe33e0b004d", size = 5952174, upload-time = "2026-08-10T08:54:04.079Z" },
    { url = "https://files.pythonhosted.org/packages/cc/6e/9e651ce51aa0b03244277f5e0660cf1b946a270cb62635a8a100389a67a2/prek-0.4.13-py3-none-manylinux_2_31_riscv64.whl", hash = "sha256:ccf4fcbfc686ad6b589f2908ed6012a315091c45163e1f4420648b9669651a9e", size = 5761875, upload-time = "2026-08-10T08:54:05.378Z" },
    { url = "https://files.pythonhosted.org/packages/cf/64/e70e18734d93df272476d2f1b30d92c71d41ee7141070f1dd13cfbb2eff8/prek-0.4.13-py3-none-musllinux_1_1_armv7l.whl", hash = "sha256:eb4b7edfe00ca73e58d7e26fb871abddc5854e8d21067a202e43418fb7f98ef2", size = 5685365, upload-time = "2026-08-10T08:54:06.729Z" },
    { url = "https://files.pythonhosted.org/packages/de/78/686fd5d3f12249368a0fdd8f7705e3ba540402a6157ef0b888e48734ff83/prek-0.4.13-py3-none-musllinux_1_1_i686.whl", hash = "sha256:c29449443f89da1647331742984b7046a55084759ad642373a9cc0a973494339", size = 5999013, upload-time = "2026-08-10T08:54:08.183Z" },
    { url = "https://files.pythonhosted.org/packages/9e/aa/93ffac2460b44f6182dbbb3194db976d18332edcb8208c4a796f8f9955f8/prek-0.4.13-py3-none-musllinux_1_1_x86_64.whl", hash = "sha256:7a04d5ac901819b115ecd0bf79cee091f0034323767abcc4a53626eeb96c3be0", size = 6486759, upload-time = "2026-08-10T08:54:09.775Z" },
    { url = "https://files.pythonhosted.org/packages/5b/3c/9f12c0d469ea345c249d5b0a027a1f2bf1ca05041d7785c34c455a9b605c/prek-0.4.13-py3-none-win32.whl", hash = "sha256:6d1bdcc1699ae18270f9bac9c4b4d29c6f1512b7a067e17ce5e220c30636f88c", size = 5515046, upload-time = "2026-08-10T08:54:11.456Z" },
    { url = "https://files.pythonhosted.org/packages/9e/3c/ef9ec67c560e60525d6a49b48a2a60434906f25ec2efa5e010fe2d42bbfa/prek-0.4.13-py3-none-win_amd64.whl", hash = "sha256:2d8fd796ed7944154fbee6d5a6d2490b9d4f14ce3626b1a0c9ca698455b25d9b", size = 5894683, upload-time = "2026-08-10T08:54:12.88Z" },
    { url = "https://files.pythonhosted.org/packages/c5/ce/8fe8fdf8154108a552d5578400da44144697ed11e5bd71d5a4980d7e202e/prek-0.4.13-py3-none-win_arm64.whl", hash = "sha256:65d6811b0220444bcdf539e157d7d5cb8edab01a5ed89534c70d73d675266ecb", size = 5650616, upload-time = "2026-08-10T08:54:14.21Z" },
]

[[package]]
name = "requests"
version = "2.34.2"
source = { registry = "https://pypi.org/simple" }
dependencies = [
    { name = "certifi" },
    { name = "charset-normalizer" },
    { name = "idna" },
    { name = "urllib3" },
]
sdist = { url = "https://files.pythonhosted.org/packages/ac/c3/e2a2b89f2d3e2179abd6d00ebd70bff6273f37fb3e0cc209f48b39d00cbf/requests-2.34.2.tar.gz", hash = "sha256:f288924cae4e29463698d6d60bc6a4da69c89185ad1e0bcc4104f584e960b9ed", size = 142856, upload-time = "2026-05-14T19:25:27.735Z" }
wheels = [
    { url = "https://files.pythonhosted.org/packages/a0/f4/c67b0b3f1b9245e8d266f0f112c500d50e5b4e83cb6f3b71b6528104182a/requests-2.34.2-py3-none-any.whl", hash = "sha256:2a0d60c172f83ac6ab31e4554906c0f3b3588d37b5cb939b1c061f4907e278e0", size = 73075, upload-time = "2026-05-14T19:25:26.443Z" },
]

[[package]]
name = "ruff"
version = "0.16.2"
source = { registry = "https://pypi.org/simple" }
sdist = { url = "https://files.pythonhosted.org/packages/73/e1/4508a569211b35599016e84ba65c1a992b7a4004b4b6c4bea02a851cba1b/ruff-0.16.2.tar.gz", hash = "sha256:c3d7828d12e8927a6fc65fe38e2c2541b9e762d360a1786d752cb1b8883b3c9c", size = 4885811, upload-time = "2026-08-07T13:31:01.432Z" }
wheels = [
    { url = "https://files.pythonhosted.org/packages/14/57/db19951540f98859c956b50bdb4d31089b4d91e9f15e2968e7d5193806d5/ruff-0.16.2-py3-none-linux_armv6l.whl", hash = "sha256:3c8de4cf2181f01d57946d87d777aa52916976fc09942aed89938fab5e013318", size = 10847925, upload-time = "2026-08-07T13:30:14.468Z" },
    { url = "https://files.pythonhosted.org/packages/13/5a/995fe85a8470d3e391ac0f7fa8054bb454eaf33ee138196d6172ed1079c0/ruff-0.16.2-py3-none-macosx_10_12_x86_64.whl", hash = "sha256:9a48cc05c6fbc811ca81b5d7ba95375affea6582d1b8024e455e41afbbf55344", size = 11072662, upload-time = "2026-08-07T13:30:18.143Z" },
    { url = "https://files.pythonhosted.org/packages/32/53/370d767c61c71a971a4ace36703a7ecd8c393956349a7325d7fab2b56827/ruff-0.16.2-py3-none-macosx_11_0_arm64.whl", hash = "sha256:a2c0d14fcbb26c91f0f867a6dc9bd71bbc30b1b6151829c884f23faeab2e5700", size = 10566771, upload-time = "2026-08-07T13:30:20.899Z" },
    { url = "https://files.pythonhosted.org/packages/85/d6/9d96948caf5a632be62d62202d5ec914d6856f204fd79eb036e5915e79ea/ruff-0.16.2-py3-none-manylinux_2_17_aarch64.manylinux2014_aarch64.whl", hash = "sha256:335c621622c4650330be50842561c6586ac6971bb8ab5407fe34dcc9efb16bbe", size = 10975825, upload-time = "2026-08-07T13:30:23.517Z" },
    { url = "https://files.pythonhosted.org/packages/3b/92/ea87129b3414acb0b5770563779c51804d37ac67675c7ba35447ddb14773/ruff-0.16.2-py3-none-manylinux_2_17_armv7l.manylinux2014_armv7l.whl", hash = "sha256:20e66910f2c37cc753f9ef6580c914a621b80c4fa3549d3e3521e29d0f5bfc3f", size = 10649437, upload-time = "2026-08-07T13:30:26.097Z" },
    { url = "https://files.pythonhosted.org/packages/ac/43/f8f291dcd4af5bb7872b74fdfa41a7cd7c856ca1d4069670971cf1b9f5cb/ruff-0.16.2-py3-none-manylinux_2_17_i686.manylinux2014_i686.whl", hash = "sha256:c7e36fbfba65510548156902bcf1350a979a958ce0347ce0f90d73894036b39f", size = 11446761, upload-time = "2026-08-07T13:30:28.752Z" },
    { url = "https://files.pythonhosted.org/packages/71/4a/ef991fb2fcf516ab71f0808adcdd8da5e18c8cde447f4ceaf5f47a5132a5/ruff-0.16.2-py3-none-manylinux_2_17_ppc64le.manylinux2014_ppc64le.whl", hash = "sha256:f0eab35f80df8f134aae5d1630e751901321d317cc8e50dc39e36fa3ed34cd12", size = 12336364, upload-time = "2026-08-07T13:30:31.468Z" },
    { url = "https://files.pythonhosted.org/packages/f3/24/f615e74f307e6ca0e56a482872477b856c70d530aa356abfb6dfe5ca8a80/ruff-0.16.2-py3-none-manylinux_2_17_s390x.manylinux2014_s390x.whl", hash = "sha256:40ea8c0594feb894e89c8c61ab9c103d38b0ea72dfde6c594107147ca31b1140", size = 11630720, upload-time = "2026-08-07T13:30:34.426Z" },
    { url = "https://files.pythonhosted.org/packages/c5/d3/8ef50149e8412a77f7ab409efdef0e2b23803707a3863da4fc64cb23d459/ruff-0.16.2-py3-none-manylinux_2_17_x86_64.manylinux2014_x86_64.whl", hash = "sha256:ab3d62dde0b19facdd632008cc4827fc28ada7736c6bd35ab6f1050f0bfed53f", size = 11466130, upload-time = "2026-08-07T13:30:36.958Z" },
    { url = "https://files.pythonhosted.org/packages/dd/a7/a19334985c4dea8c381981fa252cd854c7ee52dc4b1686dc16f4a911c702/ruff-0.16.2-py3-none-manylinux_2_31_riscv64.whl", hash = "sha256:e43e1f5b8388da9eca1b9e88328d47a5cec794633ccf6f7484ac2dd15eee92c0", size = 11523634, upload-time = "2026-08-07T13:30:39.822Z" },
    { url = "https://files.pythonhosted.org/packages/6e/6c/96d192b0e742412ceda08c0a50f9669b253dde9fd6a60ea1a10c9fa79a63/ruff-0.16.2-py3-none-musllinux_1_2_aarch64.whl", hash = "sha256:c24788a980581e1d7ea3a0cbe4344c4fbeb0a6a9b1f4713aa46bb104f8294690", size = 10949807, upload-time = "2026-08-07T13:30:42.745Z" },
    { url = "https://files.pythonhosted.org/packages/fa/51/e26599ceca11e79ee255c7df515995561edf87e9ca1893284e44d98f5a86/ruff-0.16.2-py3-none-musllinux_1_2_armv7l.whl", hash = "sha256:81806b08329130005dd4a8a8394a0c9da8c6f4cafb16ba438d2a2ee6a18bedf1", size = 10646891, upload-time = "2026-08-07T13:30:45.522Z" },
    { url = "https://files.pythonhosted.org/packages/68/01/800c4b1f97bc8d7c6029e06b1f20473a3cf1e13c4933d8f3342add83fc55/ruff-0.16.2-py3-none-musllinux_1_2_i686.whl", hash = "sha256:4ce4e02bad779bef557f541a1b31f20d6abeae1cc05ed1b1ac019d4ffd1044c8", size = 11162063, upload-time = "2026-08-07T13:30:48.131Z" },
    { url = "https://files.pythonhosted.org/packages/e4/d0/1477ea50fc5a0d4b0b71d1d63d50770bdd794d90b43e37a7618e63ec9894/ruff-0.16.2-py3-none-musllinux_1_2_x86_64.whl", hash = "sha256:e0422abdf70070255fc4073ce9dfc814cc03db577013761ddd09bc1e4a9a4fbd", size = 11556038, upload-time = "2026-08-07T13:30:50.686Z" },
    { url = "https://files.pythonhosted.org/packages/b8/76/a7776f32048d991e16d4fa8ff91790b877342d3596cc3ed04acdbf1aaedc/ruff-0.16.2-py3-none-win32.whl", hash = "sha256:bf3a63d78fb39f4bf5ac8ae52051c5520505301abe19ba4e204c453b3f09bb0b", size = 10872850, upload-time = "2026-08-07T13:30:53.471Z" },
    { url = "https://files.pythonhosted.org/packages/00/0d/929c800d920e61397d82a01b60bffc68da3052c17d31de59efaad2e4ed75/ruff-0.16.2-py3-none-win_amd64.whl", hash = "sha256:bcabe2f6d0fc7819f1431793005af4e4de7371927d037345bf941252b195b9fa", size = 12023338, upload-time = "2026-08-07T13:30:56.193Z" },
    { url = "https://files.pythonhosted.org/packages/5b/6c/93e26c22c5f78ff87363e07da49c84955affbeb1098bd1936bf3b3f293bf/ruff-0.16.2-py3-none-win_arm64.whl", hash = "sha256:d614e95cedf38a2053fd351c55b103ba30d017d61688fdbfd40ee0412852a99f", size = 11374065, upload-time = "2026-08-07T13:30:58.775Z" },
]

[[package]]
name = "ty"
version = "0.0.70"
source = { registry = "https://pypi.org/simple" }
sdist = { url = "https://files.pythonhosted.org/packages/58/ed/38a8ab52f1d7c3ed701442a31b23ba774cbc5d6909f2c00da9e1f3c590f9/ty-0.0.70.tar.gz", hash = "sha256:a01bebc128b4081c16002965d906fccb21323d69bb709b9108c1f2406bcffced", size = 6601156, upload-time = "2026-08-10T23:20:26.268Z" }
wheels = [
    { url = "https://files.pythonhosted.org/packages/3d/c5/ddd6cc5657fd3da85591b264f4dabb1ce5e5b535e73fd5174991c294978b/ty-0.0.70-py3-none-linux_armv6l.whl", hash = "sha256:4fb2d2e55e2160c07152361be2e1a26fdd4f6261055731317d5972daf1749935", size = 12537215, upload-time = "2026-08-10T23:19:43.512Z" },
    { url = "https://files.pythonhosted.org/packages/8b/8a/acc9b34331cde81e0d63cda92d4db9e4042def5b1efa7d47431ff1d30d17/ty-0.0.70-py3-none-macosx_10_12_x86_64.whl", hash = "sha256:9b04d4c21cb029501c05598ca21e9c0829c0b2e35a7ceba1e5b78014c1e8104d", size = 12149070, upload-time = "2026-08-10T23:19:46.369Z" },
    { url = "https://files.pythonhosted.org/packages/fd/cd/51ac2708f4d077058a0bfeefa40d630883c5ec7a82fd2c15c86519140235/ty-0.0.70-py3-none-macosx_11_0_arm64.whl", hash = "sha256:c605ebf2643f5e64ec4bcb269640a1aa85966d29fa888fb746039c28570369b2", size = 11625729, upload-time = "2026-08-10T23:19:48.535Z" },
    { url = "https://files.pythonhosted.org/packages/b7/99/afc4fe7e630100dc782ff0cdc8c59c01acfb05299551ff0ef49c93814320/ty-0.0.70-py3-none-manylinux_2_17_aarch64.manylinux2014_aarch64.whl", hash = "sha256:0c38ea76e12909c29e18fcd295ff223b63f3701c1d1c34db2cdc9736340b9de2", size = 12204810, upload-time = "2026-08-10T23:19:51.845Z" },
    { url = "https://files.pythonhosted.org/packages/ca/38/8cabc3c8ad4c3a02e585ecff12a71ff8e5881f8a00ee71745fd765201da5/ty-0.0.70-py3-none-manylinux_2_17_armv7l.manylinux2014_armv7l.whl", hash = "sha256:c1ee6bf4edaabf7bd0307f0c0f9ddc2204df0390820fe89f6a9de65f07722aba", size = 12308114, upload-time = "2026-08-10T23:19:54.229Z" },
    { url = "https://files.pythonhosted.org/packages/44/7e/bb4e552ecd68bb490bae9368ef323e3d0c79ef85a811857139a2d0f59ddb/ty-0.0.70-py3-none-manylinux_2_17_i686.manylinux2014_i686.whl", hash = "sha256:5eef3e11d7d6b800ef66da0cce8ea24f8be804d1ebf359683426cfe848729bf8", size = 13072240, upload-time = "2026-08-10T23:19:56.872Z" },
    { url = "https://files.pythonhosted.org/packages/f6/c4/1861e1d554e5b6e0d11b3a9f36d40c372253f44a3c4e56ad4bf840f2801e/ty-0.0.70-py3-none-manylinux_2_17_ppc64le.manylinux2014_ppc64le.whl", hash = "sha256:a95e4ae7c2599197c9d89652e49ca344ab224f7d12376e6ad8beb0587e8ff83f", size = 13497678, upload-time = "2026-08-10T23:19:59.191Z" },
    { url = "https://files.pythonhosted.org/packages/77/22/3b22442133e8f641485e59e463a070a31184db0d6456851f871db8f59763/ty-0.0.70-py3-none-manylinux_2_17_s390x.manylinux2014_s390x.whl", hash = "sha256:06aca758d1e0016c0a1f57fe9d8de7a21ff83f692306f747a0d97f32de24e27f", size = 13232510, upload-time = "2026-08-10T23:20:01.456Z" },
    { url = "https://files.pythonhosted.org/packages/84/b8/911f1e6885b5485b6e1d29aaab19ce5e6deeb3e931b6ad82296da4f22051/ty-0.0.70-py3-none-manylinux_2_17_x86_64.manylinux2014_x86_64.whl", hash = "sha256:d81825524f1b57ecbcb5fce7d61fb159cb4837a6167a4569309c9fa7fc15a77d", size = 12817128, upload-time = "2026-08-10T23:20:04.275Z" },
    { url = "https://files.pythonhosted.org/packages/e6/a6/9affc3ca11c32d75b348a66144ab83335fa7fa7100b1581356725e15a668/ty-0.0.70-py3-none-manylinux_2_31_riscv64.whl", hash = "sha256:3287dfb09f7320ef28f114f5f9aae5f697b7b1a6ee37fb2a4a3be94481c1b4f8", size = 13089208, upload-time = "2026-08-10T23:20:06.574Z" },
    { url = "https://files.pythonhosted.org/packages/f0/cb/4776108ea08ec4013b71375b101be9c8a632967cd10f24abbdd4664d66f4/ty-0.0.70-py3-none-musllinux_1_2_aarch64.whl", hash = "sha256:9fb1877f6401cdaac4db46c5bf762f327482ba5f891420ea462ebd15d0de4185", size = 12148890, upload-time = "2026-08-10T23:20:08.827Z" },
    { url = "https://files.pythonhosted.org/packages/c9/d9/814e71f698d9231ef6412bd2c1499d81c6f86f66c2764e952c991e2d6da5/ty-0.0.70-py3-none-musllinux_1_2_armv7l.whl", hash = "sha256:e78f4997dbb0db2d2270210eb3694466206e5b3a11985e24148770e702158a25", size = 12327084, upload-time = "2026-08-10T23:20:11.023Z" },
    { url = "https://files.pythonhosted.org/packages/3b/69/9f34bba534c5d1ace391d300ead4f1971f4348c5459e66dc466cfd60661c/ty-0.0.70-py3-none-musllinux_1_2_i686.whl", hash = "sha256:cf758d3b2dad910c9b1d22d2d62fea894b5bc9acd3c00365e8a73ace6090a452", size = 12604372, upload-time = "2026-08-10T23:20:13.366Z" },
    { url = "https://files.pythonhosted.org/packages/fe/ff/abb34674517b29a8e2489a39c4e01930fcf6aab993a7d6b33aa97f119117/ty-0.0.70-py3-none-musllinux_1_2_x86_64.whl", hash = "sha256:0d338761617279a4fb6a83e7fad7e21126394637b8c45e13e196b2bb675f39b2", size = 12917800, upload-time = "2026-08-10T23:20:15.841Z" },
    { url = "https://files.pythonhosted.org/packages/a4/1a/f8289572f4fad5cb16c883b94638548166bc78cf3eb569f0cd9199eb10a0/ty-0.0.70-py3-none-win32.whl", hash = "sha256:a45642cf09dde91f0a3ce9b9e6fffda9779ff69d73f7347c18acf4fb45007c07", size = 11921482, upload-time = "2026-08-10T23:20:18.244Z" },
    { url = "https://files.pythonhosted.org/packages/17/ae/8739d7618b4670c3ee4f52d641d53be87928bd121d8bda9c0e3450500b75/ty-0.0.70-py3-none-win_amd64.whl", hash = "sha256:33e7941a926cf39b82553911a59a6ed68ec98c3d3d5a415df633f4d1cd051e6c", size = 12986994, upload-time = "2026-08-10T23:20:20.53Z" },
    { url = "https://files.pythonhosted.org/packages/f1/44/2bc3301ba4356ad8866daac9f8cfb3687953e52d076ea204f113b9304c42/ty-0.0.70-py3-none-win_arm64.whl", hash = "sha256:0d380f735d52b1d4b773193f8f5c58c065725eab1ebb0008d38a7b830de14f47", size = 12301082, upload-time = "2026-08-10T23:20:23.816Z" },
]

[[package]]
name = "urllib3"
version = "2.7.0"
source = { registry = "https://pypi.org/simple" }
sdist = { url = "https://files.pythonhosted.org/packages/53/0c/06f8b233b8fd13b9e5ee11424ef85419ba0d8ba0b3138bf360be2ff56953/urllib3-2.7.0.tar.gz", hash = "sha256:231e0ec3b63ceb14667c67be60f2f2c40a518cb38b03af60abc813da26505f4c", size = 433602, upload-time = "2026-05-07T16:13:18.596Z" }
wheels = [
    { url = "https://files.pythonhosted.org/packages/7f/3e/5db95bcf282c52709639744ca2a8b149baccf648e39c8cc87553df9eae0c/urllib3-2.7.0-py3-none-any.whl", hash = "sha256:9fb4c81ebbb1ce9531cce37674bbc6f1360472bc18ca9a553ede278ef7276897", size = 131087, upload-time = "2026-05-07T16:13:17.151Z" },
]
